{
  "name": "CSIT360-Blockchain",
  "lockfileVersion": 3,
  "requires": true,
  "packages": {
    "": {
      "dependencies": {
        "@emurgo/cardano-serialization-lib-nodejs": "^15.0.3"
      }
    },
    "node_modules/@emurgo/cardano-serialization-lib-nodejs": {
      "version": "15.0.3",
      "resolved": "https://registry.npmjs.org/@emurgo/cardano-serialization-lib-nodejs/-/cardano-serialization-lib-nodejs-15.0.3.tgz",
      "integrity": "sha512-CZkAF7P3Ip3gUCAa6v93DLKp9hGqsfE6F/b3Qrqvym7rEJKi3j+dDk/OPxtmynWWGHhqXL85vzFOOwVduhLAjA==",
      "license": "MIT"
    }
  }
}
